lockfileVersion: '9.0'

settings:
  autoInstallPeers: true
  excludeLinksFromLockfile: false

importers:

  .:
    dependencies:
      '@msgpack/msgpack':
        specifier: ^3.0.0-beta.1
        version: 3.1.3
      '@nats-io/jetstream':
        specifier: ^3.4.0
        version: 3.4.0
      '@nats-io/kv':
        specifier: ^3.4.0
        version: 3.4.0
      '@nats-io/nats-core':
        specifier: ^3.4.0
        version: 3.4.0
      '@nats-io/obj':
        specifier: 3.4.0
        version: 3.4.0
      sqlocal:
        specifier: ^0.18.0
        version: 0.18.0
      uuid:
        specifier: ^14.0.1
        version: 14.0.2
    devDependencies:
      typescript:
        specifier: ^5.7.2
        version: 5.9.3

packages:

  '@msgpack/msgpack@3.1.3':
    resolution: {integrity: sha512-47XIizs9XZXvuJgoaJUIE2lFoID8ugvc0jzSHP+Ptfk8nTbnR8g788wv48N03Kx0UkAv559HWRQ3yzOgzlRNUA==}
    engines: {node: '>= 18'}

  '@nats-io/jetstream@3.4.0':
    resolution: {integrity: sha512-GzHQodNJ942+R5LRb8PuZ5ugVWVWMRiufxUYLLVWkXKfwDXYN+Owo0d7L/b9O7BPyrbYD7jQWAC6+ZVuXa9Gyw==}

  '@nats-io/kv@3.4.0':
    resolution: {integrity: sha512-168pcRJxWcIRHwdyczI3DaGk5r3CAj3CyKXuk4Nmx5KKj7N1znQOJPIxCoV0TPlAvoTidVb7eBv41J9imapMeQ==}

  '@nats-io/nats-core@3.4.0':
    resolution: {integrity: sha512-QMDM86EUNm+wudlKC67HLar/KHHQUvJGLfb4jbahje3pUk3K9afeck9fwsxBZF0eUFox6T/TA6m/t+lQqf+QsQ==}

  '@nats-io/nkeys@2.0.3':
    resolution: {integrity: sha512-JVt56GuE6Z89KUkI4TXUbSI9fmIfAmk6PMPknijmuL72GcD+UgIomTcRWiNvvJKxA01sBbmIPStqJs5cMRBC3A==}
    engines: {node: '>=18.0.0'}

  '@nats-io/nuid@3.0.0':
    resolution: {integrity: sha512-QbXZDrxmYlrn5AD06gYcUTmEHwxn96HBQMIk7XTjDlEcx6FPzVBBPjp4AMRh1lEv6B4iJ6Xb/Uz61JugPXFRQg==}
    engines: {node: '>= 22.x'}

  '@nats-io/obj@3.4.0':
    resolution: {integrity: sha512-zQRyrbxVtapKtqlxcA7qiMBN5aoo1aqSLNHyTZY9d6xBmBAYsw7sfYfSdHSguiR7GXtEjFgFnynTcv7Rw9MIrg==}

  '@sqlite.org/sqlite-wasm@3.51.2-build9':
    resolution: {integrity: sha512-tj2Sa6X4gVZqS9SiT2xlEeChSUklSGq8Hz6zKNbHW6NRiGyrSXiFcspnrWru1wPBT76RX/VxweESKxawCxfDxg==}
    engines: {node: '>=22'}

  '@ungap/structured-clone@1.3.3':
    resolution: {integrity: sha512-60YRaenCQcVjYEKOcG824+DRGGIQ3VKErcBoAEDJZz5bKIs2ZG+X/H9Nk+Q6EVkwJk5QNApxbrc5QtBSwtrXAg==}

  '@ungap/with-resolvers@0.1.0':
    resolution: {integrity: sha512-g7f0IkJdPW2xhY7H4iE72DAsIyfuwEFc6JWc2tYFwKDMWWAF699vGjrM348cwQuOXgHpe1gWFe+Eiyjx/ewvvw==}

  coincident@1.2.3:
    resolution: {integrity: sha512-Uxz3BMTWIslzeWjuQnizGWVg0j6khbvHUQ8+5BdM7WuJEm4ALXwq3wluYoB+uF68uPBz/oUOeJnYURKyfjexlA==}

  gc-hook@0.3.1:
    resolution: {integrity: sha512-E5M+O/h2o7eZzGhzRZGex6hbB3k4NWqO0eA+OzLRLXxhdbYPajZnynPwAtphnh+cRHPwsj5Z80dqZlfI4eK55A==}

  js-sha256@0.11.1:
    resolution: {integrity: sha512-o6WSo/LUvY2uC4j7mO50a2ms7E/EAdbP0swigLV+nzHKTTaYnaLIWJ02VdXrsJX0vGedDESQnLsOekr94ryfjg==}

  proxy-target@3.0.2:
    resolution: {integrity: sha512-FFE1XNwXX/FNC3/P8HiKaJSy/Qk68RitG/QEcLy/bVnTAPlgTAWPZKh0pARLAnpfXQPKyalBhk009NRTgsk8vQ==}

  sqlocal@0.18.0:
    resolution: {integrity: sha512-AJvbSe7W52YeI3KWt3TOl6Xf4oH/72JdQ0oig78G6v6Hrk906dIVP0vT9uIx7HmJaYHU/G+AgyqCW12W2IJ1OA==}
    peerDependencies:
      '@angular/core': '>=17.0.0'
      drizzle-orm: '*'
      kysely: '*'
      react: '>=18.0.0'
      vite: '>=4.0.0'
      vue: '>=3.0.0'
    peerDependenciesMeta:
      '@angular/core':
        optional: true
      drizzle-orm:
        optional: true
      kysely:
        optional: true
      react:
        optional: true
      vite:
        optional: true
      vue:
        optional: true

  tweetnacl@1.0.3:
    resolution: {integrity: sha512-6rt+RN7aOi1nGMyC4Xa5DdYiukl2UWCbcJft7YhxReBGQD7OAM8Pbxw6YMo4r2diNEA8FEmu32YOn9rhaiE5yw==}

  typescript@5.9.3:
    resolution: {integrity: sha512-jl1vZzPDinLr9eUt3J/t7V6FgNEw9QjvBPdysz9KfQDD41fQrC2Y4vKQdiaUpFT4bXlb1RHhLpp8wtm6M5TgSw==}
    engines: {node: '>=14.17'}
    hasBin: true

  uuid@14.0.2:
    resolution: {integrity: sha512-xZe/16rV4aa+HGSOCiY2YeLT1OybRLrrkL/Rqaq7p7GMVXjFh+6wN4oMYgjFmnSnhY8t6Xpdl2l9qmnHYuMHwQ==}
    hasBin: true

  ws@8.21.3:
    resolution: {integrity: sha512-201TZ/kPWxoPr/OKWjquZR1SWKXcvxdH+e1xrx89b3YbmzLMFCLfnaG1HFIgWzJOEWZ7MvpK++odZufgYR50Rw==}
    engines: {node: '>=10.0.0'}
    peerDependencies:
      bufferutil: ^4.0.1
      utf-8-validate: '>=5.0.2'
    peerDependenciesMeta:
      bufferutil:
        optional: true
      utf-8-validate:
        optional: true

snapshots:

  '@msgpack/msgpack@3.1.3': {}

  '@nats-io/jetstream@3.4.0':
    dependencies:
      '@nats-io/nats-core': 3.4.0

  '@nats-io/kv@3.4.0':
    dependencies:
      '@nats-io/jetstream': 3.4.0
      '@nats-io/nats-core': 3.4.0

  '@nats-io/nats-core@3.4.0':
    dependencies:
      '@nats-io/nkeys': 2.0.3
      '@nats-io/nuid': 3.0.0

  '@nats-io/nkeys@2.0.3':
    dependencies:
      tweetnacl: 1.0.3

  '@nats-io/nuid@3.0.0': {}

  '@nats-io/obj@3.4.0':
    dependencies:
      '@nats-io/jetstream': 3.4.0
      '@nats-io/nats-core': 3.4.0
      js-sha256: 0.11.1

  '@sqlite.org/sqlite-wasm@3.51.2-build9': {}

  '@ungap/structured-clone@1.3.3': {}

  '@ungap/with-resolvers@0.1.0': {}

  coincident@1.2.3:
    dependencies:
      '@ungap/structured-clone': 1.3.3
      '@ungap/with-resolvers': 0.1.0
      gc-hook: 0.3.1
      proxy-target: 3.0.2
    optionalDependencies:
      ws: 8.21.3
    transitivePeerDependencies:
      - bufferutil
      - utf-8-validate

  gc-hook@0.3.1: {}

  js-sha256@0.11.1: {}

  proxy-target@3.0.2: {}

  sqlocal@0.18.0:
    dependencies:
      '@sqlite.org/sqlite-wasm': 3.51.2-build9
      coincident: 1.2.3
    transitivePeerDependencies:
      - bufferutil
      - utf-8-validate

  tweetnacl@1.0.3: {}

  typescript@5.9.3: {}

  uuid@14.0.2: {}

  ws@8.21.3:
    optional: true
